
Microsoft Visual Studio Solution File, Format Version 12.00
# Visual Studio Version 16
VisualStudioVersion = 16.0.35706.149
MinimumVisualStudioVersion = 10.0.40219.1
Project("{FAE04EC0-301F-11D3-BF4B-00C04F79EFBC}") = "2_FirstAppQuotesAPIWithDBEF", "2_FirstAppQuotesAPIWithDBEF\2_FirstAppQuotesAPIWithDBEF.csproj", "{0BFFAD79-2576-46A5-8125-38530B511582}"
EndProject
Global
	GlobalSection(SolutionConfigurationPlatforms) = preSolution
		Debug|Any CPU = Debug|Any CPU
		Release|Any CPU = Release|Any CPU
	EndGlobalSection
	GlobalSection(ProjectConfigurationPlatforms) = postSolution
		{0BFFAD79-2576-46A5-8125-38530B511582}.Debug|Any CPU.ActiveCfg = Debug|Any CPU
		{0BFFAD79-2576-46A5-8125-38530B511582}.Debug|Any CPU.Build.0 = Debug|Any CPU
		{0BFFAD79-2576-46A5-8125-38530B511582}.Release|Any CPU.ActiveCfg = Release|Any CPU
		{0BFFAD79-2576-46A5-8125-38530B511582}.Release|Any CPU.Build.0 = Release|Any CPU
	EndGlobalSection
	GlobalSection(SolutionProperties) = preSolution
		HideSolutionNode = FALSE
	EndGlobalSection
	GlobalSection(ExtensibilityGlobals) = postSolution
		SolutionGuid = {1DC47F0A-2875-4AD6-8ED0-80FEAAFC69F6}
	EndGlobalSection
EndGlobal
