
Microsoft Visual Studio Solution File, Format Version 12.00
# Visual Studio Version 16
VisualStudioVersion = 16.0.35706.149
MinimumVisualStudioVersion = 10.0.40219.1
Project("{FAE04EC0-301F-11D3-BF4B-00C04F79EFBC}") = "1_FirstAppQuotesAPI", "1_FirstAppQuotesAPI\1_FirstAppQuotesAPI.csproj", "{6AB1FD61-417B-40D2-835A-82EC24876216}"
EndProject
Global
	GlobalSection(SolutionConfigurationPlatforms) = preSolution
		Debug|Any CPU = Debug|Any CPU
		Release|Any CPU = Release|Any CPU
	EndGlobalSection
	GlobalSection(ProjectConfigurationPlatforms) = postSolution
		{6AB1FD61-417B-40D2-835A-82EC24876216}.Debug|Any CPU.ActiveCfg = Debug|Any CPU
		{6AB1FD61-417B-40D2-835A-82EC24876216}.Debug|Any CPU.Build.0 = Debug|Any CPU
		{6AB1FD61-417B-40D2-835A-82EC24876216}.Release|Any CPU.ActiveCfg = Release|Any CPU
		{6AB1FD61-417B-40D2-835A-82EC24876216}.Release|Any CPU.Build.0 = Release|Any CPU
	EndGlobalSection
	GlobalSection(SolutionProperties) = preSolution
		HideSolutionNode = FALSE
	EndGlobalSection
	GlobalSection(ExtensibilityGlobals) = postSolution
		SolutionGuid = {F684B491-E7F9-432F-8EF8-93AF1715F056}
	EndGlobalSection
EndGlobal
